
Microsoft Visual Studio Solution File, Format Version 12.00
# Visual Studio 14
VisualStudioVersion = 14.0.23107.0
MinimumVisualStudioVersion = 10.0.40219.1
Project("{FAE04EC0-301F-11D3-BF4B-00C04F79EFBC}") = "FoodPlanner.Core", "FoodPlanner\FoodPlanner.Core.csproj", "{2C9553AB-5423-4A4B-838B-E8FC3FA4E621}"
EndProject
Project("{FAE04EC0-301F-11D3-BF4B-00C04F79EFBC}") = "FoodPlanner.UnitTests", "FoodPlannerTests\FoodPlanner.UnitTests.csproj", "{A935B643-B228-4011-B579-73E46F77217B}"
EndProject
Project("{FAE04EC0-301F-11D3-BF4B-00C04F79EFBC}") = "FoodPlanner.WinClients", "FoodPlanner.WinClients\FoodPlanner.WinClients.csproj", "{AFBCB0A7-4135-4281-AA65-3D4AA1E97DA9}"
EndProject
Global
	GlobalSection(SolutionConfigurationPlatforms) = preSolution
		Debug|Any CPU = Debug|Any CPU
		Release|Any CPU = Release|Any CPU
	EndGlobalSection
	GlobalSection(ProjectConfigurationPlatforms) = postSolution
		{2C9553AB-5423-4A4B-838B-E8FC3FA4E621}.Debug|Any CPU.ActiveCfg = Debug|Any CPU
		{2C9553AB-5423-4A4B-838B-E8FC3FA4E621}.Debug|Any CPU.Build.0 = Debug|Any CPU
		{2C9553AB-5423-4A4B-838B-E8FC3FA4E621}.Release|Any CPU.ActiveCfg = Release|Any CPU
		{2C9553AB-5423-4A4B-838B-E8FC3FA4E621}.Release|Any CPU.Build.0 = Release|Any CPU
		{A935B643-B228-4011-B579-73E46F77217B}.Debug|Any CPU.ActiveCfg = Debug|Any CPU
		{A935B643-B228-4011-B579-73E46F77217B}.Debug|Any CPU.Build.0 = Debug|Any CPU
		{A935B643-B228-4011-B579-73E46F77217B}.Release|Any CPU.ActiveCfg = Release|Any CPU
		{A935B643-B228-4011-B579-73E46F77217B}.Release|Any CPU.Build.0 = Release|Any CPU
		{AFBCB0A7-4135-4281-AA65-3D4AA1E97DA9}.Debug|Any CPU.ActiveCfg = Debug|Any CPU
		{AFBCB0A7-4135-4281-AA65-3D4AA1E97DA9}.Debug|Any CPU.Build.0 = Debug|Any CPU
		{AFBCB0A7-4135-4281-AA65-3D4AA1E97DA9}.Release|Any CPU.ActiveCfg = Release|Any CPU
		{AFBCB0A7-4135-4281-AA65-3D4AA1E97DA9}.Release|Any CPU.Build.0 = Release|Any CPU
	EndGlobalSection
	GlobalSection(SolutionProperties) = preSolution
		HideSolutionNode = FALSE
	EndGlobalSection
EndGlobal
